
Microsoft Visual Studio Solution File, Format Version 12.00
# Visual Studio Version 17
VisualStudioVersion = 17.0.31903.59
MinimumVisualStudioVersion = 10.0.40219.1
Project("{FAE04EC0-301F-11D3-BF4B-00C04F79EFBC}") = "API", "API\API.csproj", "{15A7822D-84BF-4C06-802C-3DACBDCD30A0}"
EndProject
Global
	GlobalSection(SolutionConfigurationPlatforms) = preSolution
		Debug|Any CPU = Debug|Any CPU
		Release|Any CPU = Release|Any CPU
	EndGlobalSection
	GlobalSection(SolutionProperties) = preSolution
		HideSolutionNode = FALSE
	EndGlobalSection
	GlobalSection(ProjectConfigurationPlatforms) = postSolution
		{15A7822D-84BF-4C06-802C-3DACBDCD30A0}.Debug|Any CPU.ActiveCfg = Debug|Any CPU
		{15A7822D-84BF-4C06-802C-3DACBDCD30A0}.Debug|Any CPU.Build.0 = Debug|Any CPU
		{15A7822D-84BF-4C06-802C-3DACBDCD30A0}.Release|Any CPU.ActiveCfg = Release|Any CPU
		{15A7822D-84BF-4C06-802C-3DACBDCD30A0}.Release|Any CPU.Build.0 = Release|Any CPU
	EndGlobalSection
EndGlobal
